
Microsoft Visual Studio Solution File, Format Version 12.00
# Visual Studio Version 16
VisualStudioVersion = 16.0.32802.440
MinimumVisualStudioVersion = 10.0.40219.1
Project("{FAE04EC0-301F-11D3-BF4B-00C04F79EFBC}") = "Awp practical 7 b", "Awp practical 7 b\Awp practical 7 b.csproj", "{7A77989E-1A65-4AB8-A503-5B45CAE0EBCB}"
EndProject
Global
	GlobalSection(SolutionConfigurationPlatforms) = preSolution
		Debug|Any CPU = Debug|Any CPU
		Release|Any CPU = Release|Any CPU
	EndGlobalSection
	GlobalSection(ProjectConfigurationPlatforms) = postSolution
		{7A77989E-1A65-4AB8-A503-5B45CAE0EBCB}.Debug|Any CPU.ActiveCfg = Debug|Any CPU
		{7A77989E-1A65-4AB8-A503-5B45CAE0EBCB}.Debug|Any CPU.Build.0 = Debug|Any CPU
		{7A77989E-1A65-4AB8-A503-5B45CAE0EBCB}.Release|Any CPU.ActiveCfg = Release|Any CPU
		{7A77989E-1A65-4AB8-A503-5B45CAE0EBCB}.Release|Any CPU.Build.0 = Release|Any CPU
	EndGlobalSection
	GlobalSection(SolutionProperties) = preSolution
		HideSolutionNode = FALSE
	EndGlobalSection
	GlobalSection(ExtensibilityGlobals) = postSolution
		SolutionGuid = {0CBA8F28-C634-40D3-9753-88EC5DB68682}
	EndGlobalSection
EndGlobal
